// !$*UTF8*$!
{
	archiveVersion = 1;
	classes = {
	};
	objectVersion = 56;
	objects = {

/* Begin PBXBuildFile section */
		6325426D2BB337010035B7E7 /* ParametersViewController.swift in Sources */ = {isa = PBXBuildFile; fileRef = 6325426B2BB337010035B7E7 /* ParametersViewController.swift */; };
		6325426E2BB337010035B7E7 /* ParametersViewController.xib in Resources */ = {isa = PBXBuildFile; fileRef = 6325426C2BB337010035B7E7 /* ParametersViewController.xib */; };
		632542712BB337300035B7E7 /* SimulationViewController.swift in Sources */ = {isa = PBXBuildFile; fileRef = 6325426F2BB337300035B7E7 /* SimulationViewController.swift */; };
		632542722BB337300035B7E7 /* SimulationViewController.xib in Resources */ = {isa = PBXBuildFile; fileRef = 632542702BB337300035B7E7 /* SimulationViewController.xib */; };
		632542762BB337880035B7E7 /* HeaderView.swift in Sources */ = {isa = PBXBuildFile; fileRef = 632542752BB337880035B7E7 /* HeaderView.swift */; };
		632542792BB337E50035B7E7 /* HumanCollectionViewCell.swift in Sources */ = {isa = PBXBuildFile; fileRef = 632542772BB337E50035B7E7 /* HumanCollectionViewCell.swift */; };
		6325427A2BB337E50035B7E7 /* HumanCollectionViewCell.xib in Resources */ = {isa = PBXBuildFile; fileRef = 632542782BB337E50035B7E7 /* HumanCollectionViewCell.xib */; };
		6393E71D2BB33527006BEB6E /* AppDelegate.swift in Sources */ = {isa = PBXBuildFile; fileRef = 6393E71C2BB33527006BEB6E /* AppDelegate.swift */; };
		6393E71F2BB33527006BEB6E /* SceneDelegate.swift in Sources */ = {isa = PBXBuildFile; fileRef = 6393E71E2BB33527006BEB6E /* SceneDelegate.swift */; };
		6393E7242BB33527006BEB6E /* Main.storyboard in Resources */ = {isa = PBXBuildFile; fileRef = 6393E7222BB33527006BEB6E /* Main.storyboard */; };
		6393E7262BB33529006BEB6E /* Assets.xcassets in Resources */ = {isa = PBXBuildFile; fileRef = 6393E7252BB33529006BEB6E /* Assets.xcassets */; };
		6393E7292BB33529006BEB6E /* LaunchScreen.storyboard in Resources */ = {isa = PBXBuildFile; fileRef = 6393E7272BB33529006BEB6E /* LaunchScreen.storyboard */; };
/* End PBXBuildFile section */

/* Begin PBXFileReference section */
		6325426B2BB337010035B7E7 /* ParametersViewController.swift */ = {isa = PBXFileReference; lastKnownFileType = sourcecode.swift; path = ParametersViewController.swift; sourceTree = "<group>"; };
		6325426C2BB337010035B7E7 /* ParametersViewController.xib */ = {isa = PBXFileReference; lastKnownFileType = file.xib; path = ParametersViewController.xib; sourceTree = "<group>"; };
		6325426F2BB337300035B7E7 /* SimulationViewController.swift */ = {isa = PBXFileReference; lastKnownFileType = sourcecode.swift; path = SimulationViewController.swift; sourceTree = "<group>"; };
		632542702BB337300035B7E7 /* SimulationViewController.xib */ = {isa = PBXFileReference; lastKnownFileType = file.xib; path = SimulationViewController.xib; sourceTree = "<group>"; };
		632542752BB337880035B7E7 /* HeaderView.swift */ = {isa = PBXFileReference; lastKnownFileType = sourcecode.swift; path = HeaderView.swift; sourceTree = "<group>"; };
		632542772BB337E50035B7E7 /* HumanCollectionViewCell.swift */ = {isa = PBXFileReference; lastKnownFileType = sourcecode.swift; path = HumanCollectionViewCell.swift; sourceTree = "<group>"; };
		632542782BB337E50035B7E7 /* HumanCollectionViewCell.xib */ = {isa = PBXFileReference; lastKnownFileType = file.xib; path = HumanCollectionViewCell.xib; sourceTree = "<group>"; };
		6393E7192BB33527006BEB6E /* VirusSpread.app */ = {isa = PBXFileReference; explicitFileType = wrapper.application; includeInIndex = 0; path = VirusSpread.app; sourceTree = BUILT_PRODUCTS_DIR; };
		6393E71C2BB33527006BEB6E /* AppDelegate.swift */ = {isa = PBXFileReference; lastKnownFileType = sourcecode.swift; path = AppDelegate.swift; sourceTree = "<group>"; };
		6393E71E2BB33527006BEB6E /* SceneDelegate.swift */ = {isa = PBXFileReference; lastKnownFileType = sourcecode.swift; path = SceneDelegate.swift; sourceTree = "<group>"; };
		6393E7232BB33527006BEB6E /* Base */ = {isa = PBXFileReference; lastKnownFileType = file.storyboard; name = Base; path = Base.lproj/Main.storyboard; sourceTree = "<group>"; };
		6393E7252BB33529006BEB6E /* Assets.xcassets */ = {isa = PBXFileReference; lastKnownFileType = folder.assetcatalog; path = Assets.xcassets; sourceTree = "<group>"; };
		6393E7282BB33529006BEB6E /* Base */ = {isa = PBXFileReference; lastKnownFileType = file.storyboard; name = Base; path = Base.lproj/LaunchScreen.storyboard; sourceTree = "<group>"; };
		6393E72A2BB33529006BEB6E /* Info.plist */ = {isa = PBXFileReference; lastKnownFileType = text.plist.xml; path = Info.plist; sourceTree = "<group>"; };
/* End PBXFileReference section */

/* Begin PBXFrameworksBuildPhase section */
		6393E7162BB33527006BEB6E /* Frameworks */ = {
			isa = PBXFrameworksBuildPhase;
			buildActionMask = 2147483647;
			files = (
			);
			runOnlyForDeploymentPostprocessing = 0;
		};
/* End PBXFrameworksBuildPhase section */

/* Begin PBXGroup section */
		6325426A2BB336AD0035B7E7 /* Controllers */ = {
			isa = PBXGroup;
			children = (
				632542742BB337490035B7E7 /* SimulationVC */,
				632542732BB337370035B7E7 /* ParametersVC */,
			);
			path = Controllers;
			sourceTree = "<group>";
		};
		632542732BB337370035B7E7 /* ParametersVC */ = {
			isa = PBXGroup;
			children = (
				6325426B2BB337010035B7E7 /* ParametersViewController.swift */,
				6325426C2BB337010035B7E7 /* ParametersViewController.xib */,
			);
			path = ParametersVC;
			sourceTree = "<group>";
		};
		632542742BB337490035B7E7 /* SimulationVC */ = {
			isa = PBXGroup;
			children = (
				6325427B2BB337EB0035B7E7 /* Cell */,
				6325426F2BB337300035B7E7 /* SimulationViewController.swift */,
				632542702BB337300035B7E7 /* SimulationViewController.xib */,
				632542752BB337880035B7E7 /* HeaderView.swift */,
			);
			path = SimulationVC;
			sourceTree = "<group>";
		};
		6325427B2BB337EB0035B7E7 /* Cell */ = {
			isa = PBXGroup;
			children = (
				632542772BB337E50035B7E7 /* HumanCollectionViewCell.swift */,
				632542782BB337E50035B7E7 /* HumanCollectionViewCell.xib */,
			);
			path = Cell;
			sourceTree = "<group>";
		};
		6393E7102BB33527006BEB6E = {
			isa = PBXGroup;
			children = (
				6393E71B2BB33527006BEB6E /* VirusSpread */,
				6393E71A2BB33527006BEB6E /* Products */,
			);
			sourceTree = "<group>";
		};
		6393E71A2BB33527006BEB6E /* Products */ = {
			isa = PBXGroup;
			children = (
				6393E7192BB33527006BEB6E /* VirusSpread.app */,
			);
			name = Products;
			sourceTree = "<group>";
		};
		6393E71B2BB33527006BEB6E /* VirusSpread */ = {
			isa = PBXGroup;
			children = (
				6325426A2BB336AD0035B7E7 /* Controllers */,
				6393E71C2BB33527006BEB6E /* AppDelegate.swift */,
				6393E71E2BB33527006BEB6E /* SceneDelegate.swift */,
				6393E7222BB33527006BEB6E /* Main.storyboard */,
				6393E7252BB33529006BEB6E /* Assets.xcassets */,
				6393E7272BB33529006BEB6E /* LaunchScreen.storyboard */,
				6393E72A2BB33529006BEB6E /* Info.plist */,
			);
			path = VirusSpread;
			sourceTree = "<group>";
		};
/* End PBXGroup section */

/* Begin PBXNativeTarget section */
		6393E7182BB33527006BEB6E /* VirusSpread */ = {
			isa = PBXNativeTarget;
			buildConfigurationList = 6393E72D2BB33529006BEB6E /* Build configuration list for PBXNativeTarget "VirusSpread" */;
			buildPhases = (
				6393E7152BB33527006BEB6E /* Sources */,
				6393E7162BB33527006BEB6E /* Frameworks */,
				6393E7172BB33527006BEB6E /* Resources */,
			);
			buildRules = (
			);
			dependencies = (
			);
			name = VirusSpread;
			productName = VirusSpread;
			productReference = 6393E7192BB33527006BEB6E /* VirusSpread.app */;
			productType = "com.apple.product-type.application";
		};
/* End PBXNativeTarget section */

/* Begin PBXProject section */
		6393E7112BB33527006BEB6E /* Project object */ = {
			isa = PBXProject;
			attributes = {
				BuildIndependentTargetsInParallel = 1;
				LastSwiftUpdateCheck = 1420;
				LastUpgradeCheck = 1420;
				TargetAttributes = {
					6393E7182BB33527006BEB6E = {
						CreatedOnToolsVersion = 14.2;
					};
				};
			};
			buildConfigurationList = 6393E7142BB33527006BEB6E /* Build configuration list for PBXProject "VirusSpread" */;
			compatibilityVersion = "Xcode 14.0";
			developmentRegion = en;
			hasScannedForEncodings = 0;
			knownRegions = (
				en,
				Base,
			);
			mainGroup = 6393E7102BB33527006BEB6E;
			productRefGroup = 6393E71A2BB33527006BEB6E /* Products */;
			projectDirPath = "";
			projectRoot = "";
			targets = (
				6393E7182BB33527006BEB6E /* VirusSpread */,
			);
		};
/* End PBXProject section */

/* Begin PBXResourcesBuildPhase section */
		6393E7172BB33527006BEB6E /* Resources */ = {
			isa = PBXResourcesBuildPhase;
			buildActionMask = 2147483647;
			files = (
				6325426E2BB337010035B7E7 /* ParametersViewController.xib in Resources */,
				6393E7292BB33529006BEB6E /* LaunchScreen.storyboard in Resources */,
				6325427A2BB337E50035B7E7 /* HumanCollectionViewCell.xib in Resources */,
				632542722BB337300035B7E7 /* SimulationViewController.xib in Resources */,
				6393E7262BB33529006BEB6E /* Assets.xcassets in Resources */,
				6393E7242BB33527006BEB6E /* Main.storyboard in Resources */,
			);
			runOnlyForDeploymentPostprocessing = 0;
		};
/* End PBXResourcesBuildPhase section */

/* Begin PBXSourcesBuildPhase section */
		6393E7152BB33527006BEB6E /* Sources */ = {
			isa = PBXSourcesBuildPhase;
			buildActionMask = 2147483647;
			files = (
				6325426D2BB337010035B7E7 /* ParametersViewController.swift in Sources */,
				632542762BB337880035B7E7 /* HeaderView.swift in Sources */,
				6393E71D2BB33527006BEB6E /* AppDelegate.swift in Sources */,
				632542712BB337300035B7E7 /* SimulationViewController.swift in Sources */,
				632542792BB337E50035B7E7 /* HumanCollectionViewCell.swift in Sources */,
				6393E71F2BB33527006BEB6E /* SceneDelegate.swift in Sources */,
			);
			runOnlyForDeploymentPostprocessing = 0;
		};
/* End PBXSourcesBuildPhase section */

/* Begin PBXVariantGroup section */
		6393E7222BB33527006BEB6E /* Main.storyboard */ = {
			isa = PBXVariantGroup;
			children = (
				6393E7232BB33527006BEB6E /* Base */,
			);
			name = Main.storyboard;
			sourceTree = "<group>";
		};
		6393E7272BB33529006BEB6E /* LaunchScreen.storyboard */ = {
			isa = PBXVariantGroup;
			children = (
				6393E7282BB33529006BEB6E /* Base */,
			);
			name = LaunchScreen.storyboard;
			sourceTree = "<group>";
		};
/* End PBXVariantGroup section */

/* Begin XCBuildConfiguration section */
		6393E72B2BB33529006BEB6E /* Debug */ = {
			isa = XCBuildConfiguration;
			buildSettings = {
				ALWAYS_SEARCH_USER_PATHS = NO;
				CLANG_ANALYZER_NONNULL = YES;
				CLANG_ANALYZER_NUMBER_OBJECT_CONVERSION = YES_AGGRESSIVE;
				CLANG_CXX_LANGUAGE_STANDARD = "gnu++20";
				CLANG_ENABLE_MODULES = YES;
				CLANG_ENABLE_OBJC_ARC = YES;
				CLANG_ENABLE_OBJC_WEAK = YES;
				CLANG_WARN_BLOCK_CAPTURE_AUTORELEASING = YES;
				CLANG_WARN_BOOL_CONVERSION = YES;
				CLANG_WARN_COMMA = YES;
				CLANG_WARN_CONSTANT_CONVERSION = YES;
				CLANG_WARN_DEPRECATED_OBJC_IMPLEMENTATIONS = YES;
				CLANG_WARN_DIRECT_OBJC_ISA_USAGE = YES_ERROR;
				CLANG_WARN_DOCUMENTATION_COMMENTS = YES;
				CLANG_WARN_EMPTY_BODY = YES;
				CLANG_WARN_ENUM_CONVERSION = YES;
				CLANG_WARN_INFINITE_RECURSION = YES;
				CLANG_WARN_INT_CONVERSION = YES;
				CLANG_WARN_NON_LITERAL_NULL_CONVERSION = YES;
				CLANG_WARN_OBJC_IMPLICIT_RETAIN_SELF = YES;
				CLANG_WARN_OBJC_LITERAL_CONVERSION = YES;
				CLANG_WARN_OBJC_ROOT_CLASS = YES_ERROR;
				CLANG_WARN_QUOTED_INCLUDE_IN_FRAMEWORK_HEADER = YES;
				CLANG_WARN_RANGE_LOOP_ANALYSIS = YES;
				CLANG_WARN_STRICT_PROTOTYPES = YES;
				CLANG_WARN_SUSPICIOUS_MOVE = YES;
				CLANG_WARN_UNGUARDED_AVAILABILITY = YES_AGGRESSIVE;
				CLANG_WARN_UNREACHABLE_CODE = YES;
				CLANG_WARN__DUPLICATE_METHOD_MATCH = YES;
				COPY_PHASE_STRIP = NO;
				DEBUG_INFORMATION_FORMAT = dwarf;
				ENABLE_STRICT_OBJC_MSGSEND = YES;
				ENABLE_TESTABILITY = YES;
				GCC_C_LANGUAGE_STANDARD = gnu11;
				GCC_DYNAMIC_NO_PIC = NO;
				GCC_NO_COMMON_BLOCKS = YES;
				GCC_OPTIMIZATION_LEVEL = 0;
				GCC_PREPROCESSOR_DEFINITIONS = (
					"DEBUG=1",
					"$(inherited)",
				);
				GCC_WARN_64_TO_32_BIT_CONVERSION = YES;
				GCC_WARN_ABOUT_RETURN_TYPE = YES_ERROR;
				GCC_WARN_UNDECLARED_SELECTOR = YES;
				GCC_WARN_UNINITIALIZED_AUTOS = YES_AGGRESSIVE;
				GCC_WARN_UNUSED_FUNCTION = YES;
				GCC_WARN_UNUSED_VARIABLE = YES;
				IPHONEOS_DEPLOYMENT_TARGET = 16.2;
				MTL_ENABLE_DEBUG_INFO = INCLUDE_SOURCE;
				MTL_FAST_MATH = YES;
				ONLY_ACTIVE_ARCH = YES;
				SDKROOT = iphoneos;
				SWIFT_ACTIVE_COMPILATION_CONDITIONS = DEBUG;
				SWIFT_OPTIMIZATION_LEVEL = "-Onone";
			};
			name = Debug;
		};
		6393E72C2BB33529006BEB6E /* Release */ = {
			isa = XCBuildConfiguration;
			buildSettings = {
				ALWAYS_SEARCH_USER_PATHS = NO;
				CLANG_ANALYZER_NONNULL = YES;
				CLANG_ANALYZER_NUMBER_OBJECT_CONVERSION = YES_AGGRESSIVE;
				CLANG_CXX_LANGUAGE_STANDARD = "gnu++20";
				CLANG_ENABLE_MODULES = YES;
				CLANG_ENABLE_OBJC_ARC = YES;
				CLANG_ENABLE_OBJC_WEAK = YES;
				CLANG_WARN_BLOCK_CAPTURE_AUTORELEASING = YES;
				CLANG_WARN_BOOL_CONVERSION = YES;
				CLANG_WARN_COMMA = YES;
				CLANG_WARN_CONSTANT_CONVERSION = YES;
				CLANG_WARN_DEPRECATED_OBJC_IMPLEMENTATIONS = YES;
				CLANG_WARN_DIRECT_OBJC_ISA_USAGE = YES_ERROR;
				CLANG_WARN_DOCUMENTATION_COMMENTS = YES;
				CLANG_WARN_EMPTY_BODY = YES;
				CLANG_WARN_ENUM_CONVERSION = YES;
				CLANG_WARN_INFINITE_RECURSION = YES;
				CLANG_WARN_INT_CONVERSION = YES;
				CLANG_WARN_NON_LITERAL_NULL_CONVERSION = YES;
				CLANG_WARN_OBJC_IMPLICIT_RETAIN_SELF = YES;
				CLANG_WARN_OBJC_LITERAL_CONVERSION = YES;
				CLANG_WARN_OBJC_ROOT_CLASS = YES_ERROR;
				CLANG_WARN_QUOTED_INCLUDE_IN_FRAMEWORK_HEADER = YES;
				CLANG_WARN_RANGE_LOOP_ANALYSIS = YES;
				CLANG_WARN_STRICT_PROTOTYPES = YES;
				CLANG_WARN_SUSPICIOUS_MOVE = YES;
				CLANG_WARN_UNGUARDED_AVAILABILITY = YES_AGGRESSIVE;
				CLANG_WARN_UNREACHABLE_CODE = YES;
				CLANG_WARN__DUPLICATE_METHOD_MATCH = YES;
				COPY_PHASE_STRIP = NO;
				DEBUG_INFORMATION_FORMAT = "dwarf-with-dsym";
				ENABLE_NS_ASSERTIONS = NO;
				ENABLE_STRICT_OBJC_MSGSEND = YES;
				GCC_C_LANGUAGE_STANDARD = gnu11;
				GCC_NO_COMMON_BLOCKS = YES;
				GCC_WARN_64_TO_32_BIT_CONVERSION = YES;
				GCC_WARN_ABOUT_RETURN_TYPE = YES_ERROR;
				GCC_WARN_UNDECLARED_SELECTOR = YES;
				GCC_WARN_UNINITIALIZED_AUTOS = YES_AGGRESSIVE;
				GCC_WARN_UNUSED_FUNCTION = YES;
				GCC_WARN_UNUSED_VARIABLE = YES;
				IPHONEOS_DEPLOYMENT_TARGET = 16.2;
				MTL_ENABLE_DEBUG_INFO = NO;
				MTL_FAST_MATH = YES;
				SDKROOT = iphoneos;
				SWIFT_COMPILATION_MODE = wholemodule;
				SWIFT_OPTIMIZATION_LEVEL = "-O";
				VALIDATE_PRODUCT = YES;
			};
			name = Release;
		};
		6393E72E2BB33529006BEB6E /* Debug */ = {
			isa = XCBuildConfiguration;
			buildSettings = {
				ASSETCATALOG_COMPILER_APPICON_NAME = AppIcon;
				ASSETCATALOG_COMPILER_GLOBAL_ACCENT_COLOR_NAME = AccentColor;
				CODE_SIGN_STYLE = Automatic;
				CURRENT_PROJECT_VERSION = 1;
				DEVELOPMENT_TEAM = JVW2R72ZC3;
				GENERATE_INFOPLIST_FILE = YES;
				INFOPLIST_FILE = VirusSpread/Info.plist;
				INFOPLIST_KEY_UIApplicationSupportsIndirectInputEvents = YES;
				INFOPLIST_KEY_UILaunchStoryboardName = LaunchScreen;
				INFOPLIST_KEY_UIMainStoryboardFile = Main;
				INFOPLIST_KEY_UISupportedInterfaceOrientations_iPad = "UIInterfaceOrientationPortrait UIInterfaceOrientationPortraitUpsideDown UIInterfaceOrientationLandscapeLeft UIInterfaceOrientationLandscapeRight";
				INFOPLIST_KEY_UISupportedInterfaceOrientations_iPhone = "UIInterfaceOrientationPortrait UIInterfaceOrientationLandscapeLeft UIInterfaceOrientationLandscapeRight";
				LD_RUNPATH_SEARCH_PATHS = (
					"$(inherited)",
					"@executable_path/Frameworks",
				);
				MARKETING_VERSION = 1.0;
				PRODUCT_BUNDLE_IDENTIFIER = com.example.VirusSpread;
				PRODUCT_NAME = "$(TARGET_NAME)";
				SWIFT_EMIT_LOC_STRINGS = YES;
				SWIFT_VERSION = 5.0;
				TARGETED_DEVICE_FAMILY = "1,2";
			};
			name = Debug;
		};
		6393E72F2BB33529006BEB6E /* Release */ = {
			isa = XCBuildConfiguration;
			buildSettings = {
				ASSETCATALOG_COMPILER_APPICON_NAME = AppIcon;
				ASSETCATALOG_COMPILER_GLOBAL_ACCENT_COLOR_NAME = AccentColor;
				CODE_SIGN_STYLE = Automatic;
				CURRENT_PROJECT_VERSION = 1;
				DEVELOPMENT_TEAM = JVW2R72ZC3;
				GENERATE_INFOPLIST_FILE = YES;
				INFOPLIST_FILE = VirusSpread/Info.plist;
				INFOPLIST_KEY_UIApplicationSupportsIndirectInputEvents = YES;
				INFOPLIST_KEY_UILaunchStoryboardName = LaunchScreen;
				INFOPLIST_KEY_UIMainStoryboardFile = Main;
				INFOPLIST_KEY_UISupportedInterfaceOrientations_iPad = "UIInterfaceOrientationPortrait UIInterfaceOrientationPortraitUpsideDown UIInterfaceOrientationLandscapeLeft UIInterfaceOrientationLandscapeRight";
				INFOPLIST_KEY_UISupportedInterfaceOrientations_iPhone = "UIInterfaceOrientationPortrait UIInterfaceOrientationLandscapeLeft UIInterfaceOrientationLandscapeRight";
				LD_RUNPATH_SEARCH_PATHS = (
					"$(inherited)",
					"@executable_path/Frameworks",
				);
				MARKETING_VERSION = 1.0;
				PRODUCT_BUNDLE_IDENTIFIER = com.example.VirusSpread;
				PRODUCT_NAME = "$(TARGET_NAME)";
				SWIFT_EMIT_LOC_STRINGS = YES;
				SWIFT_VERSION = 5.0;
				TARGETED_DEVICE_FAMILY = "1,2";
			};
			name = Release;
		};
/* End XCBuildConfiguration section */

/* Begin XCConfigurationList section */
		6393E7142BB33527006BEB6E /* Build configuration list for PBXProject "VirusSpread" */ = {
			isa = XCConfigurationList;
			buildConfigurations = (
				6393E72B2BB33529006BEB6E /* Debug */,
				6393E72C2BB33529006BEB6E /* Release */,
			);
			defaultConfigurationIsVisible = 0;
			defaultConfigurationName = Release;
		};
		6393E72D2BB33529006BEB6E /* Build configuration list for PBXNativeTarget "VirusSpread" */ = {
			isa = XCConfigurationList;
			buildConfigurations = (
				6393E72E2BB33529006BEB6E /* Debug */,
				6393E72F2BB33529006BEB6E /* Release */,
			);
			defaultConfigurationIsVisible = 0;
			defaultConfigurationName = Release;
		};
/* End XCConfigurationList section */
	};
	rootObject = 6393E7112BB33527006BEB6E /* Project object */;
}
